// !$*UTF8*$!
{
	archiveVersion = 1;
	classes = {
	};
	objectVersion = 50;
	objects = {

/* Begin PBXBuildFile section */
		E5C86C6522DA0B0C00CC9247 /* AppDelegate.swift in Sources */ = {isa = PBXBuildFile; fileRef = E5C86C6422DA0B0C00CC9247 /* AppDelegate.swift */; };
		E5C86C6722DA0B0C00CC9247 /* ViewController.swift in Sources */ = {isa = PBXBuildFile; fileRef = E5C86C6622DA0B0C00CC9247 /* ViewController.swift */; };
		E5C86C6A22DA0B0C00CC9247 /* Main.storyboard in Resources */ = {isa = PBXBuildFile; fileRef = E5C86C6822DA0B0C00CC9247 /* Main.storyboard */; };
		E5C86C6D22DA0B0C00CC9247 /* codecolony_todoapp.xcdatamodeld in Sources */ = {isa = PBXBuildFile; fileRef = E5C86C6B22DA0B0C00CC9247 /* codecolony_todoapp.xcdatamodeld */; };
		E5C86C6F22DA0B0D00CC9247 /* Assets.xcassets in Resources */ = {isa = PBXBuildFile; fileRef = E5C86C6E22DA0B0D00CC9247 /* Assets.xcassets */; };
		E5C86C7222DA0B0D00CC9247 /* LaunchScreen.storyboard in Resources */ = {isa = PBXBuildFile; fileRef = E5C86C7022DA0B0D00CC9247 /* LaunchScreen.storyboard */; };
		E5C86C7D22DA0B0D00CC9247 /* codecolony_todoappTests.swift in Sources */ = {isa = PBXBuildFile; fileRef = E5C86C7C22DA0B0D00CC9247 /* codecolony_todoappTests.swift */; };
		E5C86C8822DA0B0D00CC9247 /* codecolony_todoappUITests.swift in Sources */ = {isa = PBXBuildFile; fileRef = E5C86C8722DA0B0D00CC9247 /* codecolony_todoappUITests.swift */; };
		E5C86C9A22DA0B2B00CC9247 /* text.png in Resources */ = {isa = PBXBuildFile; fileRef = E5C86C9522DA0B2A00CC9247 /* text.png */; };
		E5C86C9B22DA0B2B00CC9247 /* top.png in Resources */ = {isa = PBXBuildFile; fileRef = E5C86C9622DA0B2A00CC9247 /* top.png */; };
		E5C86C9C22DA0B2B00CC9247 /* buttom.png in Resources */ = {isa = PBXBuildFile; fileRef = E5C86C9722DA0B2B00CC9247 /* buttom.png */; };
		E5C86C9D22DA0B2B00CC9247 /* login.png in Resources */ = {isa = PBXBuildFile; fileRef = E5C86C9822DA0B2B00CC9247 /* login.png */; };
		E5C86C9E22DA0B2B00CC9247 /* button.png in Resources */ = {isa = PBXBuildFile; fileRef = E5C86C9922DA0B2B00CC9247 /* button.png */; };
		E5C86CA322DA22E100CC9247 /* TodosViewController.swift in Sources */ = {isa = PBXBuildFile; fileRef = E5C86CA222DA22E100CC9247 /* TodosViewController.swift */; };
/* End PBXBuildFile section */

/* Begin PBXContainerItemProxy section */
		E5C86C7922DA0B0D00CC9247 /* PBXContainerItemProxy */ = {
			isa = PBXContainerItemProxy;
			containerPortal = E5C86C5922DA0B0C00CC9247 /* Project object */;
			proxyType = 1;
			remoteGlobalIDString = E5C86C6022DA0B0C00CC9247;
			remoteInfo = "codecolony-todoapp";
		};
		E5C86C8422DA0B0D00CC9247 /* PBXContainerItemProxy */ = {
			isa = PBXContainerItemProxy;
			containerPortal = E5C86C5922DA0B0C00CC9247 /* Project object */;
			proxyType = 1;
			remoteGlobalIDString = E5C86C6022DA0B0C00CC9247;
			remoteInfo = "codecolony-todoapp";
		};
/* End PBXContainerItemProxy section */

/* Begin PBXFileReference section */
		E5C86C6122DA0B0C00CC9247 /* codecolony-todoapp.app */ = {isa = PBXFileReference; explicitFileType = wrapper.application; includeInIndex = 0; path = "codecolony-todoapp.app"; sourceTree = BUILT_PRODUCTS_DIR; };
		E5C86C6422DA0B0C00CC9247 /* AppDelegate.swift */ = {isa = PBXFileReference; lastKnownFileType = sourcecode.swift; path = AppDelegate.swift; sourceTree = "<group>"; };
		E5C86C6622DA0B0C00CC9247 /* ViewController.swift */ = {isa = PBXFileReference; lastKnownFileType = sourcecode.swift; path = ViewController.swift; sourceTree = "<group>"; };
		E5C86C6922DA0B0C00CC9247 /* Base */ = {isa = PBXFileReference; lastKnownFileType = file.storyboard; name = Base; path = Base.lproj/Main.storyboard; sourceTree = "<group>"; };
		E5C86C6C22DA0B0C00CC9247 /* codecolony_todoapp.xcdatamodel */ = {isa = PBXFileReference; lastKnownFileType = wrapper.xcdatamodel; path = codecolony_todoapp.xcdatamodel; sourceTree = "<group>"; };
		E5C86C6E22DA0B0D00CC9247 /* Assets.xcassets */ = {isa = PBXFileReference; lastKnownFileType = folder.assetcatalog; path = Assets.xcassets; sourceTree = "<group>"; };
		E5C86C7122DA0B0D00CC9247 /* Base */ = {isa = PBXFileReference; lastKnownFileType = file.storyboard; name = Base; path = Base.lproj/LaunchScreen.storyboard; sourceTree = "<group>"; };
		E5C86C7322DA0B0D00CC9247 /* Info.plist */ = {isa = PBXFileReference; lastKnownFileType = text.plist.xml; path = Info.plist; sourceTree = "<group>"; };
		E5C86C7822DA0B0D00CC9247 /* codecolony-todoappTests.xctest */ = {isa = PBXFileReference; explicitFileType = wrapper.cfbundle; includeInIndex = 0; path = "codecolony-todoappTests.xctest"; sourceTree = BUILT_PRODUCTS_DIR; };
		E5C86C7C22DA0B0D00CC9247 /* codecolony_todoappTests.swift */ = {isa = PBXFileReference; lastKnownFileType = sourcecode.swift; path = codecolony_todoappTests.swift; sourceTree = "<group>"; };
		E5C86C7E22DA0B0D00CC9247 /* Info.plist */ = {isa = PBXFileReference; lastKnownFileType = text.plist.xml; path = Info.plist; sourceTree = "<group>"; };
		E5C86C8322DA0B0D00CC9247 /* codecolony-todoappUITests.xctest */ = {isa = PBXFileReference; explicitFileType = wrapper.cfbundle; includeInIndex = 0; path = "codecolony-todoappUITests.xctest"; sourceTree = BUILT_PRODUCTS_DIR; };
		E5C86C8722DA0B0D00CC9247 /* codecolony_todoappUITests.swift */ = {isa = PBXFileReference; lastKnownFileType = sourcecode.swift; path = codecolony_todoappUITests.swift; sourceTree = "<group>"; };
		E5C86C8922DA0B0D00CC9247 /* Info.plist */ = {isa = PBXFileReference; lastKnownFileType = text.plist.xml; path = Info.plist; sourceTree = "<group>"; };
		E5C86C9522DA0B2A00CC9247 /* text.png */ = {isa = PBXFileReference; lastKnownFileType = image.png; path = text.png; sourceTree = "<group>"; };
		E5C86C9622DA0B2A00CC9247 /* top.png */ = {isa = PBXFileReference; lastKnownFileType = image.png; path = top.png; sourceTree = "<group>"; };
		E5C86C9722DA0B2B00CC9247 /* buttom.png */ = {isa = PBXFileReference; lastKnownFileType = image.png; path = buttom.png; sourceTree = "<group>"; };
		E5C86C9822DA0B2B00CC9247 /* login.png */ = {isa = PBXFileReference; lastKnownFileType = image.png; path = login.png; sourceTree = "<group>"; };
		E5C86C9922DA0B2B00CC9247 /* button.png */ = {isa = PBXFileReference; lastKnownFileType = image.png; path = button.png; sourceTree = "<group>"; };
		E5C86CA222DA22E100CC9247 /* TodosViewController.swift */ = {isa = PBXFileReference; lastKnownFileType = sourcecode.swift; path = TodosViewController.swift; sourceTree = "<group>"; };
/* End PBXFileReference section */

/* Begin PBXFrameworksBuildPhase section */
		E5C86C5E22DA0B0C00CC9247 /* Frameworks */ = {
			isa = PBXFrameworksBuildPhase;
			buildActionMask = 2147483647;
			files = (
			);
			runOnlyForDeploymentPostprocessing = 0;
		};
		E5C86C7522DA0B0D00CC9247 /* Frameworks */ = {
			isa = PBXFrameworksBuildPhase;
			buildActionMask = 2147483647;
			files = (
			);
			runOnlyForDeploymentPostprocessing = 0;
		};
		E5C86C8022DA0B0D00CC9247 /* Frameworks */ = {
			isa = PBXFrameworksBuildPhase;
			buildActionMask = 2147483647;
			files = (
			);
			runOnlyForDeploymentPostprocessing = 0;
		};
/* End PBXFrameworksBuildPhase section */

/* Begin PBXGroup section */
		E5C86C5822DA0B0C00CC9247 = {
			isa = PBXGroup;
			children = (
				E5C86C6322DA0B0C00CC9247 /* codecolony-todoapp */,
				E5C86C7B22DA0B0D00CC9247 /* codecolony-todoappTests */,
				E5C86C8622DA0B0D00CC9247 /* codecolony-todoappUITests */,
				E5C86C6222DA0B0C00CC9247 /* Products */,
			);
			sourceTree = "<group>";
		};
		E5C86C6222DA0B0C00CC9247 /* Products */ = {
			isa = PBXGroup;
			children = (
				E5C86C6122DA0B0C00CC9247 /* codecolony-todoapp.app */,
				E5C86C7822DA0B0D00CC9247 /* codecolony-todoappTests.xctest */,
				E5C86C8322DA0B0D00CC9247 /* codecolony-todoappUITests.xctest */,
			);
			name = Products;
			sourceTree = "<group>";
		};
		E5C86C6322DA0B0C00CC9247 /* codecolony-todoapp */ = {
			isa = PBXGroup;
			children = (
				E5C86C9F22DA0B3A00CC9247 /* image */,
				E5C86C6422DA0B0C00CC9247 /* AppDelegate.swift */,
				E5C86C6622DA0B0C00CC9247 /* ViewController.swift */,
				E5C86CA222DA22E100CC9247 /* TodosViewController.swift */,
				E5C86C6822DA0B0C00CC9247 /* Main.storyboard */,
				E5C86C6E22DA0B0D00CC9247 /* Assets.xcassets */,
				E5C86C7022DA0B0D00CC9247 /* LaunchScreen.storyboard */,
				E5C86C7322DA0B0D00CC9247 /* Info.plist */,
				E5C86C6B22DA0B0C00CC9247 /* codecolony_todoapp.xcdatamodeld */,
			);
			path = "codecolony-todoapp";
			sourceTree = "<group>";
		};
		E5C86C7B22DA0B0D00CC9247 /* codecolony-todoappTests */ = {
			isa = PBXGroup;
			children = (
				E5C86C7C22DA0B0D00CC9247 /* codecolony_todoappTests.swift */,
				E5C86C7E22DA0B0D00CC9247 /* Info.plist */,
			);
			path = "codecolony-todoappTests";
			sourceTree = "<group>";
		};
		E5C86C8622DA0B0D00CC9247 /* codecolony-todoappUITests */ = {
			isa = PBXGroup;
			children = (
				E5C86C8722DA0B0D00CC9247 /* codecolony_todoappUITests.swift */,
				E5C86C8922DA0B0D00CC9247 /* Info.plist */,
			);
			path = "codecolony-todoappUITests";
			sourceTree = "<group>";
		};
		E5C86C9F22DA0B3A00CC9247 /* image */ = {
			isa = PBXGroup;
			children = (
				E5C86C9622DA0B2A00CC9247 /* top.png */,
				E5C86C9822DA0B2B00CC9247 /* login.png */,
				E5C86C9522DA0B2A00CC9247 /* text.png */,
				E5C86C9922DA0B2B00CC9247 /* button.png */,
				E5C86C9722DA0B2B00CC9247 /* buttom.png */,
			);
			path = image;
			sourceTree = "<group>";
		};
/* End PBXGroup section */

/* Begin PBXNativeTarget section */
		E5C86C6022DA0B0C00CC9247 /* codecolony-todoapp */ = {
			isa = PBXNativeTarget;
			buildConfigurationList = E5C86C8C22DA0B0D00CC9247 /* Build configuration list for PBXNativeTarget "codecolony-todoapp" */;
			buildPhases = (
				E5C86C5D22DA0B0C00CC9247 /* Sources */,
				E5C86C5E22DA0B0C00CC9247 /* Frameworks */,
				E5C86C5F22DA0B0C00CC9247 /* Resources */,
			);
			buildRules = (
			);
			dependencies = (
			);
			name = "codecolony-todoapp";
			productName = "codecolony-todoapp";
			productReference = E5C86C6122DA0B0C00CC9247 /* codecolony-todoapp.app */;
			productType = "com.apple.product-type.application";
		};
		E5C86C7722DA0B0D00CC9247 /* codecolony-todoappTests */ = {
			isa = PBXNativeTarget;
			buildConfigurationList = E5C86C8F22DA0B0D00CC9247 /* Build configuration list for PBXNativeTarget "codecolony-todoappTests" */;
			buildPhases = (
				E5C86C7422DA0B0D00CC9247 /* Sources */,
				E5C86C7522DA0B0D00CC9247 /* Frameworks */,
				E5C86C7622DA0B0D00CC9247 /* Resources */,
			);
			buildRules = (
			);
			dependencies = (
				E5C86C7A22DA0B0D00CC9247 /* PBXTargetDependency */,
			);
			name = "codecolony-todoappTests";
			productName = "codecolony-todoappTests";
			productReference = E5C86C7822DA0B0D00CC9247 /* codecolony-todoappTests.xctest */;
			productType = "com.apple.product-type.bundle.unit-test";
		};
		E5C86C8222DA0B0D00CC9247 /* codecolony-todoappUITests */ = {
			isa = PBXNativeTarget;
			buildConfigurationList = E5C86C9222DA0B0D00CC9247 /* Build configuration list for PBXNativeTarget "codecolony-todoappUITests" */;
			buildPhases = (
				E5C86C7F22DA0B0D00CC9247 /* Sources */,
				E5C86C8022DA0B0D00CC9247 /* Frameworks */,
				E5C86C8122DA0B0D00CC9247 /* Resources */,
			);
			buildRules = (
			);
			dependencies = (
				E5C86C8522DA0B0D00CC9247 /* PBXTargetDependency */,
			);
			name = "codecolony-todoappUITests";
			productName = "codecolony-todoappUITests";
			productReference = E5C86C8322DA0B0D00CC9247 /* codecolony-todoappUITests.xctest */;
			productType = "com.apple.product-type.bundle.ui-testing";
		};
/* End PBXNativeTarget section */

/* Begin PBXProject section */
		E5C86C5922DA0B0C00CC9247 /* Project object */ = {
			isa = PBXProject;
			attributes = {
				LastSwiftUpdateCheck = 1020;
				LastUpgradeCheck = 1020;
				ORGANIZATIONNAME = "Erim Şengezer";
				TargetAttributes = {
					E5C86C6022DA0B0C00CC9247 = {
						CreatedOnToolsVersion = 10.2.1;
					};
					E5C86C7722DA0B0D00CC9247 = {
						CreatedOnToolsVersion = 10.2.1;
						TestTargetID = E5C86C6022DA0B0C00CC9247;
					};
					E5C86C8222DA0B0D00CC9247 = {
						CreatedOnToolsVersion = 10.2.1;
						TestTargetID = E5C86C6022DA0B0C00CC9247;
					};
				};
			};
			buildConfigurationList = E5C86C5C22DA0B0C00CC9247 /* Build configuration list for PBXProject "codecolony-todoapp" */;
			compatibilityVersion = "Xcode 9.3";
			developmentRegion = en;
			hasScannedForEncodings = 0;
			knownRegions = (
				en,
				Base,
			);
			mainGroup = E5C86C5822DA0B0C00CC9247;
			productRefGroup = E5C86C6222DA0B0C00CC9247 /* Products */;
			projectDirPath = "";
			projectRoot = "";
			targets = (
				E5C86C6022DA0B0C00CC9247 /* codecolony-todoapp */,
				E5C86C7722DA0B0D00CC9247 /* codecolony-todoappTests */,
				E5C86C8222DA0B0D00CC9247 /* codecolony-todoappUITests */,
			);
		};
/* End PBXProject section */

/* Begin PBXResourcesBuildPhase section */
		E5C86C5F22DA0B0C00CC9247 /* Resources */ = {
			isa = PBXResourcesBuildPhase;
			buildActionMask = 2147483647;
			files = (
				E5C86C9B22DA0B2B00CC9247 /* top.png in Resources */,
				E5C86C7222DA0B0D00CC9247 /* LaunchScreen.storyboard in Resources */,
				E5C86C9E22DA0B2B00CC9247 /* button.png in Resources */,
				E5C86C9D22DA0B2B00CC9247 /* login.png in Resources */,
				E5C86C9A22DA0B2B00CC9247 /* text.png in Resources */,
				E5C86C6F22DA0B0D00CC9247 /* Assets.xcassets in Resources */,
				E5C86C6A22DA0B0C00CC9247 /* Main.storyboard in Resources */,
				E5C86C9C22DA0B2B00CC9247 /* buttom.png in Resources */,
			);
			runOnlyForDeploymentPostprocessing = 0;
		};
		E5C86C7622DA0B0D00CC9247 /* Resources */ = {
			isa = PBXResourcesBuildPhase;
			buildActionMask = 2147483647;
			files = (
			);
			runOnlyForDeploymentPostprocessing = 0;
		};
		E5C86C8122DA0B0D00CC9247 /* Resources */ = {
			isa = PBXResourcesBuildPhase;
			buildActionMask = 2147483647;
			files = (
			);
			runOnlyForDeploymentPostprocessing = 0;
		};
/* End PBXResourcesBuildPhase section */

/* Begin PBXSourcesBuildPhase section */
		E5C86C5D22DA0B0C00CC9247 /* Sources */ = {
			isa = PBXSourcesBuildPhase;
			buildActionMask = 2147483647;
			files = (
				E5C86CA322DA22E100CC9247 /* TodosViewController.swift in Sources */,
				E5C86C6722DA0B0C00CC9247 /* ViewController.swift in Sources */,
				E5C86C6D22DA0B0C00CC9247 /* codecolony_todoapp.xcdatamodeld in Sources */,
				E5C86C6522DA0B0C00CC9247 /* AppDelegate.swift in Sources */,
			);
			runOnlyForDeploymentPostprocessing = 0;
		};
		E5C86C7422DA0B0D00CC9247 /* Sources */ = {
			isa = PBXSourcesBuildPhase;
			buildActionMask = 2147483647;
			files = (
				E5C86C7D22DA0B0D00CC9247 /* codecolony_todoappTests.swift in Sources */,
			);
			runOnlyForDeploymentPostprocessing = 0;
		};
		E5C86C7F22DA0B0D00CC9247 /* Sources */ = {
			isa = PBXSourcesBuildPhase;
			buildActionMask = 2147483647;
			files = (
				E5C86C8822DA0B0D00CC9247 /* codecolony_todoappUITests.swift in Sources */,
			);
			runOnlyForDeploymentPostprocessing = 0;
		};
/* End PBXSourcesBuildPhase section */

/* Begin PBXTargetDependency section */
		E5C86C7A22DA0B0D00CC9247 /* PBXTargetDependency */ = {
			isa = PBXTargetDependency;
			target = E5C86C6022DA0B0C00CC9247 /* codecolony-todoapp */;
			targetProxy = E5C86C7922DA0B0D00CC9247 /* PBXContainerItemProxy */;
		};
		E5C86C8522DA0B0D00CC9247 /* PBXTargetDependency */ = {
			isa = PBXTargetDependency;
			target = E5C86C6022DA0B0C00CC9247 /* codecolony-todoapp */;
			targetProxy = E5C86C8422DA0B0D00CC9247 /* PBXContainerItemProxy */;
		};
/* End PBXTargetDependency section */

/* Begin PBXVariantGroup section */
		E5C86C6822DA0B0C00CC9247 /* Main.storyboard */ = {
			isa = PBXVariantGroup;
			children = (
				E5C86C6922DA0B0C00CC9247 /* Base */,
			);
			name = Main.storyboard;
			sourceTree = "<group>";
		};
		E5C86C7022DA0B0D00CC9247 /* LaunchScreen.storyboard */ = {
			isa = PBXVariantGroup;
			children = (
				E5C86C7122DA0B0D00CC9247 /* Base */,
			);
			name = LaunchScreen.storyboard;
			sourceTree = "<group>";
		};
/* End PBXVariantGroup section */

/* Begin XCBuildConfiguration section */
		E5C86C8A22DA0B0D00CC9247 /* Debug */ = {
			isa = XCBuildConfiguration;
			buildSettings = {
				ALWAYS_SEARCH_USER_PATHS = NO;
				CLANG_ANALYZER_NONNULL = YES;
				CLANG_ANALYZER_NUMBER_OBJECT_CONVERSION = YES_AGGRESSIVE;
				CLANG_CXX_LANGUAGE_STANDARD = "gnu++14";
				CLANG_CXX_LIBRARY = "libc++";
				CLANG_ENABLE_MODULES = YES;
				CLANG_ENABLE_OBJC_ARC = YES;
				CLANG_ENABLE_OBJC_WEAK = YES;
				CLANG_WARN_BLOCK_CAPTURE_AUTORELEASING = YES;
				CLANG_WARN_BOOL_CONVERSION = YES;
				CLANG_WARN_COMMA = YES;
				CLANG_WARN_CONSTANT_CONVERSION = YES;
				CLANG_WARN_DEPRECATED_OBJC_IMPLEMENTATIONS = YES;
				CLANG_WARN_DIRECT_OBJC_ISA_USAGE = YES_ERROR;
				CLANG_WARN_DOCUMENTATION_COMMENTS = YES;
				CLANG_WARN_EMPTY_BODY = YES;
				CLANG_WARN_ENUM_CONVERSION = YES;
				CLANG_WARN_INFINITE_RECURSION = YES;
				CLANG_WARN_INT_CONVERSION = YES;
				CLANG_WARN_NON_LITERAL_NULL_CONVERSION = YES;
				CLANG_WARN_OBJC_IMPLICIT_RETAIN_SELF = YES;
				CLANG_WARN_OBJC_LITERAL_CONVERSION = YES;
				CLANG_WARN_OBJC_ROOT_CLASS = YES_ERROR;
				CLANG_WARN_RANGE_LOOP_ANALYSIS = YES;
				CLANG_WARN_STRICT_PROTOTYPES = YES;
				CLANG_WARN_SUSPICIOUS_MOVE = YES;
				CLANG_WARN_UNGUARDED_AVAILABILITY = YES_AGGRESSIVE;
				CLANG_WARN_UNREACHABLE_CODE = YES;
				CLANG_WARN__DUPLICATE_METHOD_MATCH = YES;
				CODE_SIGN_IDENTITY = "iPhone Developer";
				COPY_PHASE_STRIP = NO;
				DEBUG_INFORMATION_FORMAT = dwarf;
				ENABLE_STRICT_OBJC_MSGSEND = YES;
				ENABLE_TESTABILITY = YES;
				GCC_C_LANGUAGE_STANDARD = gnu11;
				GCC_DYNAMIC_NO_PIC = NO;
				GCC_NO_COMMON_BLOCKS = YES;
				GCC_OPTIMIZATION_LEVEL = 0;
				GCC_PREPROCESSOR_DEFINITIONS = (
					"DEBUG=1",
					"$(inherited)",
				);
				GCC_WARN_64_TO_32_BIT_CONVERSION = YES;
				GCC_WARN_ABOUT_RETURN_TYPE = YES_ERROR;
				GCC_WARN_UNDECLARED_SELECTOR = YES;
				GCC_WARN_UNINITIALIZED_AUTOS = YES_AGGRESSIVE;
				GCC_WARN_UNUSED_FUNCTION = YES;
				GCC_WARN_UNUSED_VARIABLE = YES;
				IPHONEOS_DEPLOYMENT_TARGET = 12.2;
				MTL_ENABLE_DEBUG_INFO = INCLUDE_SOURCE;
				MTL_FAST_MATH = YES;
				ONLY_ACTIVE_ARCH = YES;
				SDKROOT = iphoneos;
				SWIFT_ACTIVE_COMPILATION_CONDITIONS = DEBUG;
				SWIFT_OPTIMIZATION_LEVEL = "-Onone";
			};
			name = Debug;
		};
		E5C86C8B22DA0B0D00CC9247 /* Release */ = {
			isa = XCBuildConfiguration;
			buildSettings = {
				ALWAYS_SEARCH_USER_PATHS = NO;
				CLANG_ANALYZER_NONNULL = YES;
				CLANG_ANALYZER_NUMBER_OBJECT_CONVERSION = YES_AGGRESSIVE;
				CLANG_CXX_LANGUAGE_STANDARD = "gnu++14";
				CLANG_CXX_LIBRARY = "libc++";
				CLANG_ENABLE_MODULES = YES;
				CLANG_ENABLE_OBJC_ARC = YES;
				CLANG_ENABLE_OBJC_WEAK = YES;
				CLANG_WARN_BLOCK_CAPTURE_AUTORELEASING = YES;
				CLANG_WARN_BOOL_CONVERSION = YES;
				CLANG_WARN_COMMA = YES;
				CLANG_WARN_CONSTANT_CONVERSION = YES;
				CLANG_WARN_DEPRECATED_OBJC_IMPLEMENTATIONS = YES;
				CLANG_WARN_DIRECT_OBJC_ISA_USAGE = YES_ERROR;
				CLANG_WARN_DOCUMENTATION_COMMENTS = YES;
				CLANG_WARN_EMPTY_BODY = YES;
				CLANG_WARN_ENUM_CONVERSION = YES;
				CLANG_WARN_INFINITE_RECURSION = YES;
				CLANG_WARN_INT_CONVERSION = YES;
				CLANG_WARN_NON_LITERAL_NULL_CONVERSION = YES;
				CLANG_WARN_OBJC_IMPLICIT_RETAIN_SELF = YES;
				CLANG_WARN_OBJC_LITERAL_CONVERSION = YES;
				CLANG_WARN_OBJC_ROOT_CLASS = YES_ERROR;
				CLANG_WARN_RANGE_LOOP_ANALYSIS = YES;
				CLANG_WARN_STRICT_PROTOTYPES = YES;
				CLANG_WARN_SUSPICIOUS_MOVE = YES;
				CLANG_WARN_UNGUARDED_AVAILABILITY = YES_AGGRESSIVE;
				CLANG_WARN_UNREACHABLE_CODE = YES;
				CLANG_WARN__DUPLICATE_METHOD_MATCH = YES;
				CODE_SIGN_IDENTITY = "iPhone Developer";
				COPY_PHASE_STRIP = NO;
				DEBUG_INFORMATION_FORMAT = "dwarf-with-dsym";
				ENABLE_NS_ASSERTIONS = NO;
				ENABLE_STRICT_OBJC_MSGSEND = YES;
				GCC_C_LANGUAGE_STANDARD = gnu11;
				GCC_NO_COMMON_BLOCKS = YES;
				GCC_WARN_64_TO_32_BIT_CONVERSION = YES;
				GCC_WARN_ABOUT_RETURN_TYPE = YES_ERROR;
				GCC_WARN_UNDECLARED_SELECTOR = YES;
				GCC_WARN_UNINITIALIZED_AUTOS = YES_AGGRESSIVE;
				GCC_WARN_UNUSED_FUNCTION = YES;
				GCC_WARN_UNUSED_VARIABLE = YES;
				IPHONEOS_DEPLOYMENT_TARGET = 12.2;
				MTL_ENABLE_DEBUG_INFO = NO;
				MTL_FAST_MATH = YES;
				SDKROOT = iphoneos;
				SWIFT_COMPILATION_MODE = wholemodule;
				SWIFT_OPTIMIZATION_LEVEL = "-O";
				VALIDATE_PRODUCT = YES;
			};
			name = Release;
		};
		E5C86C8D22DA0B0D00CC9247 /* Debug */ = {
			isa = XCBuildConfiguration;
			buildSettings = {
				ASSETCATALOG_COMPILER_APPICON_NAME = AppIcon;
				CODE_SIGN_STYLE = Automatic;
				DEVELOPMENT_TEAM = 2A5XAKZYWS;
				INFOPLIST_FILE = "codecolony-todoapp/Info.plist";
				LD_RUNPATH_SEARCH_PATHS = (
					"$(inherited)",
					"@executable_path/Frameworks",
				);
				PRODUCT_BUNDLE_IDENTIFIER = "com.erimsengezer.codecolony-todoapp";
				PRODUCT_NAME = "$(TARGET_NAME)";
				SWIFT_VERSION = 5.0;
				TARGETED_DEVICE_FAMILY = "1,2";
			};
			name = Debug;
		};
		E5C86C8E22DA0B0D00CC9247 /* Release */ = {
			isa = XCBuildConfiguration;
			buildSettings = {
				ASSETCATALOG_COMPILER_APPICON_NAME = AppIcon;
				CODE_SIGN_STYLE = Automatic;
				DEVELOPMENT_TEAM = 2A5XAKZYWS;
				INFOPLIST_FILE = "codecolony-todoapp/Info.plist";
				LD_RUNPATH_SEARCH_PATHS = (
					"$(inherited)",
					"@executable_path/Frameworks",
				);
				PRODUCT_BUNDLE_IDENTIFIER = "com.erimsengezer.codecolony-todoapp";
				PRODUCT_NAME = "$(TARGET_NAME)";
				SWIFT_VERSION = 5.0;
				TARGETED_DEVICE_FAMILY = "1,2";
			};
			name = Release;
		};
		E5C86C9022DA0B0D00CC9247 /* Debug */ = {
			isa = XCBuildConfiguration;
			buildSettings = {
				ALWAYS_EMBED_SWIFT_STANDARD_LIBRARIES = YES;
				BUNDLE_LOADER = "$(TEST_HOST)";
				CODE_SIGN_STYLE = Automatic;
				DEVELOPMENT_TEAM = 2A5XAKZYWS;
				INFOPLIST_FILE = "codecolony-todoappTests/Info.plist";
				LD_RUNPATH_SEARCH_PATHS = (
					"$(inherited)",
					"@executable_path/Frameworks",
					"@loader_path/Frameworks",
				);
				PRODUCT_BUNDLE_IDENTIFIER = "com.erimsengezer.codecolony-todoappTests";
				PRODUCT_NAME = "$(TARGET_NAME)";
				SWIFT_VERSION = 5.0;
				TARGETED_DEVICE_FAMILY = "1,2";
				TEST_HOST = "$(BUILT_PRODUCTS_DIR)/codecolony-todoapp.app/codecolony-todoapp";
			};
			name = Debug;
		};
		E5C86C9122DA0B0D00CC9247 /* Release */ = {
			isa = XCBuildConfiguration;
			buildSettings = {
				ALWAYS_EMBED_SWIFT_STANDARD_LIBRARIES = YES;
				BUNDLE_LOADER = "$(TEST_HOST)";
				CODE_SIGN_STYLE = Automatic;
				DEVELOPMENT_TEAM = 2A5XAKZYWS;
				INFOPLIST_FILE = "codecolony-todoappTests/Info.plist";
				LD_RUNPATH_SEARCH_PATHS = (
					"$(inherited)",
					"@executable_path/Frameworks",
					"@loader_path/Frameworks",
				);
				PRODUCT_BUNDLE_IDENTIFIER = "com.erimsengezer.codecolony-todoappTests";
				PRODUCT_NAME = "$(TARGET_NAME)";
				SWIFT_VERSION = 5.0;
				TARGETED_DEVICE_FAMILY = "1,2";
				TEST_HOST = "$(BUILT_PRODUCTS_DIR)/codecolony-todoapp.app/codecolony-todoapp";
			};
			name = Release;
		};
		E5C86C9322DA0B0D00CC9247 /* Debug */ = {
			isa = XCBuildConfiguration;
			buildSettings = {
				ALWAYS_EMBED_SWIFT_STANDARD_LIBRARIES = YES;
				CODE_SIGN_STYLE = Automatic;
				DEVELOPMENT_TEAM = 2A5XAKZYWS;
				INFOPLIST_FILE = "codecolony-todoappUITests/Info.plist";
				LD_RUNPATH_SEARCH_PATHS = (
					"$(inherited)",
					"@executable_path/Frameworks",
					"@loader_path/Frameworks",
				);
				PRODUCT_BUNDLE_IDENTIFIER = "com.erimsengezer.codecolony-todoappUITests";
				PRODUCT_NAME = "$(TARGET_NAME)";
				SWIFT_VERSION = 5.0;
				TARGETED_DEVICE_FAMILY = "1,2";
				TEST_TARGET_NAME = "codecolony-todoapp";
			};
			name = Debug;
		};
		E5C86C9422DA0B0D00CC9247 /* Release */ = {
			isa = XCBuildConfiguration;
			buildSettings = {
				ALWAYS_EMBED_SWIFT_STANDARD_LIBRARIES = YES;
				CODE_SIGN_STYLE = Automatic;
				DEVELOPMENT_TEAM = 2A5XAKZYWS;
				INFOPLIST_FILE = "codecolony-todoappUITests/Info.plist";
				LD_RUNPATH_SEARCH_PATHS = (
					"$(inherited)",
					"@executable_path/Frameworks",
					"@loader_path/Frameworks",
				);
				PRODUCT_BUNDLE_IDENTIFIER = "com.erimsengezer.codecolony-todoappUITests";
				PRODUCT_NAME = "$(TARGET_NAME)";
				SWIFT_VERSION = 5.0;
				TARGETED_DEVICE_FAMILY = "1,2";
				TEST_TARGET_NAME = "codecolony-todoapp";
			};
			name = Release;
		};
/* End XCBuildConfiguration section */

/* Begin XCConfigurationList section */
		E5C86C5C22DA0B0C00CC9247 /* Build configuration list for PBXProject "codecolony-todoapp" */ = {
			isa = XCConfigurationList;
			buildConfigurations = (
				E5C86C8A22DA0B0D00CC9247 /* Debug */,
				E5C86C8B22DA0B0D00CC9247 /* Release */,
			);
			defaultConfigurationIsVisible = 0;
			defaultConfigurationName = Release;
		};
		E5C86C8C22DA0B0D00CC9247 /* Build configuration list for PBXNativeTarget "codecolony-todoapp" */ = {
			isa = XCConfigurationList;
			buildConfigurations = (
				E5C86C8D22DA0B0D00CC9247 /* Debug */,
				E5C86C8E22DA0B0D00CC9247 /* Release */,
			);
			defaultConfigurationIsVisible = 0;
			defaultConfigurationName = Release;
		};
		E5C86C8F22DA0B0D00CC9247 /* Build configuration list for PBXNativeTarget "codecolony-todoappTests" */ = {
			isa = XCConfigurationList;
			buildConfigurations = (
				E5C86C9022DA0B0D00CC9247 /* Debug */,
				E5C86C9122DA0B0D00CC9247 /* Release */,
			);
			defaultConfigurationIsVisible = 0;
			defaultConfigurationName = Release;
		};
		E5C86C9222DA0B0D00CC9247 /* Build configuration list for PBXNativeTarget "codecolony-todoappUITests" */ = {
			isa = XCConfigurationList;
			buildConfigurations = (
				E5C86C9322DA0B0D00CC9247 /* Debug */,
				E5C86C9422DA0B0D00CC9247 /* Release */,
			);
			defaultConfigurationIsVisible = 0;
			defaultConfigurationName = Release;
		};
/* End XCConfigurationList section */

/* Begin XCVersionGroup section */
		E5C86C6B22DA0B0C00CC9247 /* codecolony_todoapp.xcdatamodeld */ = {
			isa = XCVersionGroup;
			children = (
				E5C86C6C22DA0B0C00CC9247 /* codecolony_todoapp.xcdatamodel */,
			);
			currentVersion = E5C86C6C22DA0B0C00CC9247 /* codecolony_todoapp.xcdatamodel */;
			path = codecolony_todoapp.xcdatamodeld;
			sourceTree = "<group>";
			versionGroupType = wrapper.xcdatamodel;
		};
/* End XCVersionGroup section */
	};
	rootObject = E5C86C5922DA0B0C00CC9247 /* Project object */;
}
